
Microsoft Visual Studio Solution File, Format Version 12.00
# Visual Studio 2012
Project("{FAE04EC0-301F-11D3-BF4B-00C04F79EFBC}") = "Db.Model", "Db.Model\Db.Model.csproj", "{6DB80675-AF33-43D8-A019-75B5E5D8E714}"
EndProject
Project("{FAE04EC0-301F-11D3-BF4B-00C04F79EFBC}") = "Db.Data", "Db.Data\Db.Data.csproj", "{122ED6D1-3F1F-420B-8096-27FDDC1917B6}"
EndProject
Project("{FAE04EC0-301F-11D3-BF4B-00C04F79EFBC}") = "Db.Services", "Db.Services\Db.Services.csproj", "{A21A39B9-0BEF-4BEE-ABD6-9B4F4ED0B17E}"
EndProject
Project("{FAE04EC0-301F-11D3-BF4B-00C04F79EFBC}") = "DbForum.Tests", "DbForum.Tests\DbForum.Tests.csproj", "{963E929F-820A-40D2-B7A6-C4A0C041E167}"
EndProject
Global
	GlobalSection(SolutionConfigurationPlatforms) = preSolution
		Debug|Any CPU = Debug|Any CPU
		Release|Any CPU = Release|Any CPU
	EndGlobalSection
	GlobalSection(ProjectConfigurationPlatforms) = postSolution
		{6DB80675-AF33-43D8-A019-75B5E5D8E714}.Debug|Any CPU.ActiveCfg = Debug|Any CPU
		{6DB80675-AF33-43D8-A019-75B5E5D8E714}.Debug|Any CPU.Build.0 = Debug|Any CPU
		{6DB80675-AF33-43D8-A019-75B5E5D8E714}.Release|Any CPU.ActiveCfg = Release|Any CPU
		{6DB80675-AF33-43D8-A019-75B5E5D8E714}.Release|Any CPU.Build.0 = Release|Any CPU
		{122ED6D1-3F1F-420B-8096-27FDDC1917B6}.Debug|Any CPU.ActiveCfg = Debug|Any CPU
		{122ED6D1-3F1F-420B-8096-27FDDC1917B6}.Debug|Any CPU.Build.0 = Debug|Any CPU
		{122ED6D1-3F1F-420B-8096-27FDDC1917B6}.Release|Any CPU.ActiveCfg = Release|Any CPU
		{122ED6D1-3F1F-420B-8096-27FDDC1917B6}.Release|Any CPU.Build.0 = Release|Any CPU
		{A21A39B9-0BEF-4BEE-ABD6-9B4F4ED0B17E}.Debug|Any CPU.ActiveCfg = Debug|Any CPU
		{A21A39B9-0BEF-4BEE-ABD6-9B4F4ED0B17E}.Debug|Any CPU.Build.0 = Debug|Any CPU
		{A21A39B9-0BEF-4BEE-ABD6-9B4F4ED0B17E}.Release|Any CPU.ActiveCfg = Release|Any CPU
		{A21A39B9-0BEF-4BEE-ABD6-9B4F4ED0B17E}.Release|Any CPU.Build.0 = Release|Any CPU
		{963E929F-820A-40D2-B7A6-C4A0C041E167}.Debug|Any CPU.ActiveCfg = Debug|Any CPU
		{963E929F-820A-40D2-B7A6-C4A0C041E167}.Debug|Any CPU.Build.0 = Debug|Any CPU
		{963E929F-820A-40D2-B7A6-C4A0C041E167}.Release|Any CPU.ActiveCfg = Release|Any CPU
		{963E929F-820A-40D2-B7A6-C4A0C041E167}.Release|Any CPU.Build.0 = Release|Any CPU
	EndGlobalSection
	GlobalSection(SolutionProperties) = preSolution
		HideSolutionNode = FALSE
	EndGlobalSection
EndGlobal
